// !$*UTF8*$!
{
	archiveVersion = 1;
	classes = {
	};
	objectVersion = 77;
	objects = {

/* Begin PBXBuildFile section */
		520B246F2E720EDE000A3D5E /* Extension+Color.swift in Sources */ = {isa = PBXBuildFile; fileRef = 520B245B2E720EDE000A3D5E /* Extension+Color.swift */; };
		520B24702E720EDE000A3D5E /* LoginContainer.swift in Sources */ = {isa = PBXBuildFile; fileRef = 520B245D2E720EDE000A3D5E /* LoginContainer.swift */; };
		520B24712E720EDE000A3D5E /* LoginView.swift in Sources */ = {isa = PBXBuildFile; fileRef = 520B245E2E720EDE000A3D5E /* LoginView.swift */; };
		520B24722E720EDE000A3D5E /* AuthModels.swift in Sources */ = {isa = PBXBuildFile; fileRef = 520B24612E720EDE000A3D5E /* AuthModels.swift */; };
		520B24732E720EDE000A3D5E /* APIService.swift in Sources */ = {isa = PBXBuildFile; fileRef = 520B24632E720EDE000A3D5E /* APIService.swift */; };
		520B24742E720EDE000A3D5E /* APIService+Auth.swift in Sources */ = {isa = PBXBuildFile; fileRef = 520B24642E720EDE000A3D5E /* APIService+Auth.swift */; };
		520B24752E720EDE000A3D5E /* AuthContainer.swift in Sources */ = {isa = PBXBuildFile; fileRef = 520B24652E720EDE000A3D5E /* AuthContainer.swift */; };
		520B24762E720EDE000A3D5E /* SplashView.swift in Sources */ = {isa = PBXBuildFile; fileRef = 520B24672E720EDE000A3D5E /* SplashView.swift */; };
		520B24792E720EDE000A3D5E /* YOGHEEApp.swift in Sources */ = {isa = PBXBuildFile; fileRef = 520B246D2E720EDE000A3D5E /* YOGHEEApp.swift */; };
		520B247A2E720EDE000A3D5E /* Assets.xcassets in Resources */ = {isa = PBXBuildFile; fileRef = 520B24692E720EDE000A3D5E /* Assets.xcassets */; };
		520B24832E82E711000A3D5E /* ContentView.swift in Sources */ = {isa = PBXBuildFile; fileRef = 520B24822E82E6F9000A3D5E /* ContentView.swift */; };
		520B24852E82E71C000A3D5E /* ContentTabContainer.swift in Sources */ = {isa = PBXBuildFile; fileRef = 520B24842E82E717000A3D5E /* ContentTabContainer.swift */; };
		520B24982E82E99E000A3D5E /* ContentTabView.swift in Sources */ = {isa = PBXBuildFile; fileRef = 520B24972E82E99B000A3D5E /* ContentTabView.swift */; };
		520B249C2E82EB33000A3D5E /* MainTabView.swift in Sources */ = {isa = PBXBuildFile; fileRef = 520B249A2E82EB33000A3D5E /* MainTabView.swift */; };
		520B24A02E82EC14000A3D5E /* HomeTabView.swift in Sources */ = {isa = PBXBuildFile; fileRef = 520B249E2E82EC14000A3D5E /* HomeTabView.swift */; };
		520B24A32E82EC42000A3D5E /* ExploreTabContainer.swift in Sources */ = {isa = PBXBuildFile; fileRef = 520B24A12E82EC42000A3D5E /* ExploreTabContainer.swift */; };
		520B24A42E82EC42000A3D5E /* ExploreTabView.swift in Sources */ = {isa = PBXBuildFile; fileRef = 520B24A22E82EC42000A3D5E /* ExploreTabView.swift */; };
		520B24A72E82EC4E000A3D5E /* TeaTimeTabContainer.swift in Sources */ = {isa = PBXBuildFile; fileRef = 520B24A52E82EC4E000A3D5E /* TeaTimeTabContainer.swift */; };
		520B24A82E82EC4E000A3D5E /* TeaTimeTabView.swift in Sources */ = {isa = PBXBuildFile; fileRef = 520B24A62E82EC4E000A3D5E /* TeaTimeTabView.swift */; };
		520B24AB2E82EC57000A3D5E /* MyPageTabView.swift in Sources */ = {isa = PBXBuildFile; fileRef = 520B24AA2E82EC57000A3D5E /* MyPageTabView.swift */; };
		520B24AC2E82EC57000A3D5E /* MyPageTabContainer.swift in Sources */ = {isa = PBXBuildFile; fileRef = 520B24A92E82EC57000A3D5E /* MyPageTabContainer.swift */; };
		520B24AE2E82EE06000A3D5E /* HomeTabContainer.swift in Sources */ = {isa = PBXBuildFile; fileRef = 520B24AD2E82EE06000A3D5E /* HomeTabContainer.swift */; };
		523FFCE92E50D63C00A28C5A /* KakaoSDKFriendResources.bundle in Resources */ = {isa = PBXBuildFile; fileRef = 523FFCE82E50D63C00A28C5A /* KakaoSDKFriendResources.bundle */; };
		528BDC5B2E8DED87002F84D9 /* NotificationListView.swift in Sources */ = {isa = PBXBuildFile; fileRef = 528BDC5A2E8DED87002F84D9 /* NotificationListView.swift */; };
		528BDC5D2E8DEE9F002F84D9 /* NotificationListContainer.swift in Sources */ = {isa = PBXBuildFile; fileRef = 528BDC5C2E8DEE98002F84D9 /* NotificationListContainer.swift */; };
		52D6B92C2E50DEBF00F60E39 /* KakaoSDK in Frameworks */ = {isa = PBXBuildFile; productRef = 52D6B92B2E50DEBF00F60E39 /* KakaoSDK */; };
		52D6B92F2E50E27B00F60E39 /* Alamofire in Frameworks */ = {isa = PBXBuildFile; productRef = 52D6B92E2E50E27B00F60E39 /* Alamofire */; };
/* End PBXBuildFile section */

/* Begin PBXFileReference section */
		520B245B2E720EDE000A3D5E /* Extension+Color.swift */ = {isa = PBXFileReference; lastKnownFileType = sourcecode.swift; path = "Extension+Color.swift"; sourceTree = "<group>"; };
		520B245D2E720EDE000A3D5E /* LoginContainer.swift */ = {isa = PBXFileReference; lastKnownFileType = sourcecode.swift; path = LoginContainer.swift; sourceTree = "<group>"; };
		520B245E2E720EDE000A3D5E /* LoginView.swift */ = {isa = PBXFileReference; lastKnownFileType = sourcecode.swift; path = LoginView.swift; sourceTree = "<group>"; };
		520B24612E720EDE000A3D5E /* AuthModels.swift */ = {isa = PBXFileReference; lastKnownFileType = sourcecode.swift; path = AuthModels.swift; sourceTree = "<group>"; };
		520B24632E720EDE000A3D5E /* APIService.swift */ = {isa = PBXFileReference; lastKnownFileType = sourcecode.swift; path = APIService.swift; sourceTree = "<group>"; };
		520B24642E720EDE000A3D5E /* APIService+Auth.swift */ = {isa = PBXFileReference; lastKnownFileType = sourcecode.swift; path = "APIService+Auth.swift"; sourceTree = "<group>"; };
		520B24652E720EDE000A3D5E /* AuthContainer.swift */ = {isa = PBXFileReference; lastKnownFileType = sourcecode.swift; path = AuthContainer.swift; sourceTree = "<group>"; };
		520B24672E720EDE000A3D5E /* SplashView.swift */ = {isa = PBXFileReference; lastKnownFileType = sourcecode.swift; path = SplashView.swift; sourceTree = "<group>"; };
		520B24692E720EDE000A3D5E /* Assets.xcassets */ = {isa = PBXFileReference; lastKnownFileType = folder.assetcatalog; path = Assets.xcassets; sourceTree = "<group>"; };
		520B246C2E720EDE000A3D5E /* Info.plist */ = {isa = PBXFileReference; lastKnownFileType = text.plist.xml; path = Info.plist; sourceTree = "<group>"; };
		520B246D2E720EDE000A3D5E /* YOGHEEApp.swift */ = {isa = PBXFileReference; lastKnownFileType = sourcecode.swift; path = YOGHEEApp.swift; sourceTree = "<group>"; };
		520B24822E82E6F9000A3D5E /* ContentView.swift */ = {isa = PBXFileReference; lastKnownFileType = sourcecode.swift; path = ContentView.swift; sourceTree = "<group>"; };
		520B24842E82E717000A3D5E /* ContentTabContainer.swift */ = {isa = PBXFileReference; lastKnownFileType = sourcecode.swift; path = ContentTabContainer.swift; sourceTree = "<group>"; };
		520B24972E82E99B000A3D5E /* ContentTabView.swift */ = {isa = PBXFileReference; lastKnownFileType = sourcecode.swift; path = ContentTabView.swift; sourceTree = "<group>"; };
		520B249A2E82EB33000A3D5E /* MainTabView.swift */ = {isa = PBXFileReference; lastKnownFileType = sourcecode.swift; path = MainTabView.swift; sourceTree = "<group>"; };
		520B249E2E82EC14000A3D5E /* HomeTabView.swift */ = {isa = PBXFileReference; lastKnownFileType = sourcecode.swift; path = HomeTabView.swift; sourceTree = "<group>"; };
		520B24A12E82EC42000A3D5E /* ExploreTabContainer.swift */ = {isa = PBXFileReference; lastKnownFileType = sourcecode.swift; path = ExploreTabContainer.swift; sourceTree = "<group>"; };
		520B24A22E82EC42000A3D5E /* ExploreTabView.swift */ = {isa = PBXFileReference; lastKnownFileType = sourcecode.swift; path = ExploreTabView.swift; sourceTree = "<group>"; };
		520B24A52E82EC4E000A3D5E /* TeaTimeTabContainer.swift */ = {isa = PBXFileReference; lastKnownFileType = sourcecode.swift; path = TeaTimeTabContainer.swift; sourceTree = "<group>"; };
		520B24A62E82EC4E000A3D5E /* TeaTimeTabView.swift */ = {isa = PBXFileReference; lastKnownFileType = sourcecode.swift; path = TeaTimeTabView.swift; sourceTree = "<group>"; };
		520B24A92E82EC57000A3D5E /* MyPageTabContainer.swift */ = {isa = PBXFileReference; lastKnownFileType = sourcecode.swift; path = MyPageTabContainer.swift; sourceTree = "<group>"; };
		520B24AA2E82EC57000A3D5E /* MyPageTabView.swift */ = {isa = PBXFileReference; lastKnownFileType = sourcecode.swift; path = MyPageTabView.swift; sourceTree = "<group>"; };
		520B24AD2E82EE06000A3D5E /* HomeTabContainer.swift */ = {isa = PBXFileReference; lastKnownFileType = sourcecode.swift; path = HomeTabContainer.swift; sourceTree = "<group>"; };
		523FFCE82E50D63C00A28C5A /* KakaoSDKFriendResources.bundle */ = {isa = PBXFileReference; lastKnownFileType = "wrapper.plug-in"; name = KakaoSDKFriendResources.bundle; path = "../../../Library/Developer/Xcode/DerivedData/YOGHEE-cbvxjgdsdcvlrrdclyncspdvvzck/SourcePackages/checkouts/kakao-ios-sdk/Sources/KakaoSDKFriendCore/KakaoSDKFriendResources.bundle"; sourceTree = "<group>"; };
		528BDC5A2E8DED87002F84D9 /* NotificationListView.swift */ = {isa = PBXFileReference; lastKnownFileType = sourcecode.swift; path = NotificationListView.swift; sourceTree = "<group>"; };
		528BDC5C2E8DEE98002F84D9 /* NotificationListContainer.swift */ = {isa = PBXFileReference; lastKnownFileType = sourcecode.swift; path = NotificationListContainer.swift; sourceTree = "<group>"; };
		52F308812E3F4CD10066ED1B /* YOGHEE.app */ = {isa = PBXFileReference; explicitFileType = wrapper.application; includeInIndex = 0; path = YOGHEE.app; sourceTree = BUILT_PRODUCTS_DIR; };
/* End PBXFileReference section */

/* Begin PBXFrameworksBuildPhase section */
		52F3087E2E3F4CD10066ED1B /* Frameworks */ = {
			isa = PBXFrameworksBuildPhase;
			buildActionMask = 2147483647;
			files = (
				52D6B92C2E50DEBF00F60E39 /* KakaoSDK in Frameworks */,
				52D6B92F2E50E27B00F60E39 /* Alamofire in Frameworks */,
			);
			runOnlyForDeploymentPostprocessing = 0;
		};
/* End PBXFrameworksBuildPhase section */

/* Begin PBXGroup section */
		520B245C2E720EDE000A3D5E /* Extension */ = {
			isa = PBXGroup;
			children = (
				520B245B2E720EDE000A3D5E /* Extension+Color.swift */,
			);
			path = Extension;
			sourceTree = "<group>";
		};
		520B245F2E720EDE000A3D5E /* Login */ = {
			isa = PBXGroup;
			children = (
				520B245D2E720EDE000A3D5E /* LoginContainer.swift */,
				520B245E2E720EDE000A3D5E /* LoginView.swift */,
			);
			path = Login;
			sourceTree = "<group>";
		};
		520B24602E720EDE000A3D5E /* Main */ = {
			isa = PBXGroup;
			children = (
				520B249A2E82EB33000A3D5E /* MainTabView.swift */,
				520B24922E82E8B0000A3D5E /* Home */,
				520B24932E82E8CF000A3D5E /* Content */,
				520B24942E82E8DB000A3D5E /* Explore */,
				520B24952E82E8E5000A3D5E /* TeaTime */,
				520B24962E82E8EE000A3D5E /* MyPage */,
			);
			path = Main;
			sourceTree = "<group>";
		};
		520B24622E720EDE000A3D5E /* Models */ = {
			isa = PBXGroup;
			children = (
				520B24612E720EDE000A3D5E /* AuthModels.swift */,
			);
			path = Models;
			sourceTree = "<group>";
		};
		520B24662E720EDE000A3D5E /* Network */ = {
			isa = PBXGroup;
			children = (
				520B24622E720EDE000A3D5E /* Models */,
				520B24632E720EDE000A3D5E /* APIService.swift */,
				520B24642E720EDE000A3D5E /* APIService+Auth.swift */,
				520B24652E720EDE000A3D5E /* AuthContainer.swift */,
			);
			path = Network;
			sourceTree = "<group>";
		};
		520B24682E720EDE000A3D5E /* Splash */ = {
			isa = PBXGroup;
			children = (
				520B24672E720EDE000A3D5E /* SplashView.swift */,
			);
			path = Splash;
			sourceTree = "<group>";
		};
		520B246E2E720EDE000A3D5E /* YOGHEE */ = {
			isa = PBXGroup;
			children = (
				520B245C2E720EDE000A3D5E /* Extension */,
				520B245F2E720EDE000A3D5E /* Login */,
				520B24602E720EDE000A3D5E /* Main */,
				520B24662E720EDE000A3D5E /* Network */,
				520B24682E720EDE000A3D5E /* Splash */,
				520B24692E720EDE000A3D5E /* Assets.xcassets */,
				520B246C2E720EDE000A3D5E /* Info.plist */,
				520B24822E82E6F9000A3D5E /* ContentView.swift */,
				520B246D2E720EDE000A3D5E /* YOGHEEApp.swift */,
			);
			path = YOGHEE;
			sourceTree = "<group>";
		};
		520B24922E82E8B0000A3D5E /* Home */ = {
			isa = PBXGroup;
			children = (
				520B249E2E82EC14000A3D5E /* HomeTabView.swift */,
				520B24AD2E82EE06000A3D5E /* HomeTabContainer.swift */,
				528BDC5A2E8DED87002F84D9 /* NotificationListView.swift */,
				528BDC5C2E8DEE98002F84D9 /* NotificationListContainer.swift */,
			);
			path = Home;
			sourceTree = "<group>";
		};
		520B24932E82E8CF000A3D5E /* Content */ = {
			isa = PBXGroup;
			children = (
				520B24972E82E99B000A3D5E /* ContentTabView.swift */,
				520B24842E82E717000A3D5E /* ContentTabContainer.swift */,
			);
			path = Content;
			sourceTree = "<group>";
		};
		520B24942E82E8DB000A3D5E /* Explore */ = {
			isa = PBXGroup;
			children = (
				520B24A22E82EC42000A3D5E /* ExploreTabView.swift */,
				520B24A12E82EC42000A3D5E /* ExploreTabContainer.swift */,
			);
			path = Explore;
			sourceTree = "<group>";
		};
		520B24952E82E8E5000A3D5E /* TeaTime */ = {
			isa = PBXGroup;
			children = (
				520B24A62E82EC4E000A3D5E /* TeaTimeTabView.swift */,
				520B24A52E82EC4E000A3D5E /* TeaTimeTabContainer.swift */,
			);
			path = TeaTime;
			sourceTree = "<group>";
		};
		520B24962E82E8EE000A3D5E /* MyPage */ = {
			isa = PBXGroup;
			children = (
				520B24AA2E82EC57000A3D5E /* MyPageTabView.swift */,
				520B24A92E82EC57000A3D5E /* MyPageTabContainer.swift */,
			);
			path = MyPage;
			sourceTree = "<group>";
		};
		52F308782E3F4CD10066ED1B = {
			isa = PBXGroup;
			children = (
				523FFCE82E50D63C00A28C5A /* KakaoSDKFriendResources.bundle */,
				520B246E2E720EDE000A3D5E /* YOGHEE */,
				52F308822E3F4CD10066ED1B /* Products */,
			);
			sourceTree = "<group>";
		};
		52F308822E3F4CD10066ED1B /* Products */ = {
			isa = PBXGroup;
			children = (
				52F308812E3F4CD10066ED1B /* YOGHEE.app */,
			);
			name = Products;
			sourceTree = "<group>";
		};
/* End PBXGroup section */

/* Begin PBXNativeTarget section */
		52F308802E3F4CD10066ED1B /* YOGHEE */ = {
			isa = PBXNativeTarget;
			buildConfigurationList = 52F3088C2E3F4CD30066ED1B /* Build configuration list for PBXNativeTarget "YOGHEE" */;
			buildPhases = (
				52F3087D2E3F4CD10066ED1B /* Sources */,
				52F3087E2E3F4CD10066ED1B /* Frameworks */,
				52F3087F2E3F4CD10066ED1B /* Resources */,
			);
			buildRules = (
			);
			dependencies = (
			);
			name = YOGHEE;
			packageProductDependencies = (
				52D6B92B2E50DEBF00F60E39 /* KakaoSDK */,
				52D6B92E2E50E27B00F60E39 /* Alamofire */,
			);
			productName = YOGHEE;
			productReference = 52F308812E3F4CD10066ED1B /* YOGHEE.app */;
			productType = "com.apple.product-type.application";
		};
/* End PBXNativeTarget section */

/* Begin PBXProject section */
		52F308792E3F4CD10066ED1B /* Project object */ = {
			isa = PBXProject;
			attributes = {
				BuildIndependentTargetsInParallel = 1;
				LastSwiftUpdateCheck = 1640;
				LastUpgradeCheck = 1640;
				TargetAttributes = {
					52F308802E3F4CD10066ED1B = {
						CreatedOnToolsVersion = 16.4;
					};
				};
			};
			buildConfigurationList = 52F3087C2E3F4CD10066ED1B /* Build configuration list for PBXProject "YOGHEE" */;
			developmentRegion = en;
			hasScannedForEncodings = 0;
			knownRegions = (
				en,
				Base,
			);
			mainGroup = 52F308782E3F4CD10066ED1B;
			minimizedProjectReferenceProxies = 1;
			packageReferences = (
				52D6B92A2E50DEBF00F60E39 /* XCRemoteSwiftPackageReference "kakao-ios-sdk" */,
				52D6B92D2E50E27B00F60E39 /* XCRemoteSwiftPackageReference "Alamofire" */,
			);
			preferredProjectObjectVersion = 77;
			productRefGroup = 52F308822E3F4CD10066ED1B /* Products */;
			projectDirPath = "";
			projectRoot = "";
			targets = (
				52F308802E3F4CD10066ED1B /* YOGHEE */,
			);
		};
/* End PBXProject section */

/* Begin PBXResourcesBuildPhase section */
		52F3087F2E3F4CD10066ED1B /* Resources */ = {
			isa = PBXResourcesBuildPhase;
			buildActionMask = 2147483647;
			files = (
				520B247A2E720EDE000A3D5E /* Assets.xcassets in Resources */,
				523FFCE92E50D63C00A28C5A /* KakaoSDKFriendResources.bundle in Resources */,
			);
			runOnlyForDeploymentPostprocessing = 0;
		};
/* End PBXResourcesBuildPhase section */

/* Begin PBXSourcesBuildPhase section */
		52F3087D2E3F4CD10066ED1B /* Sources */ = {
			isa = PBXSourcesBuildPhase;
			buildActionMask = 2147483647;
			files = (
				520B24AE2E82EE06000A3D5E /* HomeTabContainer.swift in Sources */,
				528BDC5B2E8DED87002F84D9 /* NotificationListView.swift in Sources */,
				520B24AB2E82EC57000A3D5E /* MyPageTabView.swift in Sources */,
				520B24AC2E82EC57000A3D5E /* MyPageTabContainer.swift in Sources */,
				520B246F2E720EDE000A3D5E /* Extension+Color.swift in Sources */,
				520B24702E720EDE000A3D5E /* LoginContainer.swift in Sources */,
				520B24712E720EDE000A3D5E /* LoginView.swift in Sources */,
				520B24A72E82EC4E000A3D5E /* TeaTimeTabContainer.swift in Sources */,
				520B24A82E82EC4E000A3D5E /* TeaTimeTabView.swift in Sources */,
				520B24722E720EDE000A3D5E /* AuthModels.swift in Sources */,
				520B24732E720EDE000A3D5E /* APIService.swift in Sources */,
				520B24742E720EDE000A3D5E /* APIService+Auth.swift in Sources */,
				520B24982E82E99E000A3D5E /* ContentTabView.swift in Sources */,
				520B24752E720EDE000A3D5E /* AuthContainer.swift in Sources */,
				520B24A32E82EC42000A3D5E /* ExploreTabContainer.swift in Sources */,
				520B24A42E82EC42000A3D5E /* ExploreTabView.swift in Sources */,
				520B24762E720EDE000A3D5E /* SplashView.swift in Sources */,
				520B249C2E82EB33000A3D5E /* MainTabView.swift in Sources */,
				520B24A02E82EC14000A3D5E /* HomeTabView.swift in Sources */,
				528BDC5D2E8DEE9F002F84D9 /* NotificationListContainer.swift in Sources */,
				520B24832E82E711000A3D5E /* ContentView.swift in Sources */,
				520B24792E720EDE000A3D5E /* YOGHEEApp.swift in Sources */,
				520B24852E82E71C000A3D5E /* ContentTabContainer.swift in Sources */,
			);
			runOnlyForDeploymentPostprocessing = 0;
		};
/* End PBXSourcesBuildPhase section */

/* Begin XCBuildConfiguration section */
		52F3088A2E3F4CD30066ED1B /* Debug */ = {
			isa = XCBuildConfiguration;
			buildSettings = {
				ALWAYS_SEARCH_USER_PATHS = NO;
				ASSETCATALOG_COMPILER_GENERATE_SWIFT_ASSET_SYMBOL_EXTENSIONS = YES;
				CLANG_ANALYZER_NONNULL = YES;
				CLANG_ANALYZER_NUMBER_OBJECT_CONVERSION = YES_AGGRESSIVE;
				CLANG_CXX_LANGUAGE_STANDARD = "gnu++20";
				CLANG_ENABLE_MODULES = YES;
				CLANG_ENABLE_OBJC_ARC = YES;
				CLANG_ENABLE_OBJC_WEAK = YES;
				CLANG_WARN_BLOCK_CAPTURE_AUTORELEASING = YES;
				CLANG_WARN_BOOL_CONVERSION = YES;
				CLANG_WARN_COMMA = YES;
				CLANG_WARN_CONSTANT_CONVERSION = YES;
				CLANG_WARN_DEPRECATED_OBJC_IMPLEMENTATIONS = YES;
				CLANG_WARN_DIRECT_OBJC_ISA_USAGE = YES_ERROR;
				CLANG_WARN_DOCUMENTATION_COMMENTS = YES;
				CLANG_WARN_EMPTY_BODY = YES;
				CLANG_WARN_ENUM_CONVERSION = YES;
				CLANG_WARN_INFINITE_RECURSION = YES;
				CLANG_WARN_INT_CONVERSION = YES;
				CLANG_WARN_NON_LITERAL_NULL_CONVERSION = YES;
				CLANG_WARN_OBJC_IMPLICIT_RETAIN_SELF = YES;
				CLANG_WARN_OBJC_LITERAL_CONVERSION = YES;
				CLANG_WARN_OBJC_ROOT_CLASS = YES_ERROR;
				CLANG_WARN_QUOTED_INCLUDE_IN_FRAMEWORK_HEADER = YES;
				CLANG_WARN_RANGE_LOOP_ANALYSIS = YES;
				CLANG_WARN_STRICT_PROTOTYPES = YES;
				CLANG_WARN_SUSPICIOUS_MOVE = YES;
				CLANG_WARN_UNGUARDED_AVAILABILITY = YES_AGGRESSIVE;
				CLANG_WARN_UNREACHABLE_CODE = YES;
				CLANG_WARN__DUPLICATE_METHOD_MATCH = YES;
				COPY_PHASE_STRIP = NO;
				DEBUG_INFORMATION_FORMAT = dwarf;
				ENABLE_STRICT_OBJC_MSGSEND = YES;
				ENABLE_TESTABILITY = YES;
				ENABLE_USER_SCRIPT_SANDBOXING = YES;
				GCC_C_LANGUAGE_STANDARD = gnu17;
				GCC_DYNAMIC_NO_PIC = NO;
				GCC_NO_COMMON_BLOCKS = YES;
				GCC_OPTIMIZATION_LEVEL = 0;
				GCC_PREPROCESSOR_DEFINITIONS = (
					"DEBUG=1",
					"$(inherited)",
				);
				GCC_WARN_64_TO_32_BIT_CONVERSION = YES;
				GCC_WARN_ABOUT_RETURN_TYPE = YES_ERROR;
				GCC_WARN_UNDECLARED_SELECTOR = YES;
				GCC_WARN_UNINITIALIZED_AUTOS = YES_AGGRESSIVE;
				GCC_WARN_UNUSED_FUNCTION = YES;
				GCC_WARN_UNUSED_VARIABLE = YES;
				IPHONEOS_DEPLOYMENT_TARGET = 18.5;
				LOCALIZATION_PREFERS_STRING_CATALOGS = YES;
				MTL_ENABLE_DEBUG_INFO = INCLUDE_SOURCE;
				MTL_FAST_MATH = YES;
				ONLY_ACTIVE_ARCH = YES;
				SDKROOT = iphoneos;
				SWIFT_ACTIVE_COMPILATION_CONDITIONS = "DEBUG $(inherited)";
				SWIFT_OPTIMIZATION_LEVEL = "-Onone";
			};
			name = Debug;
		};
		52F3088B2E3F4CD30066ED1B /* Release */ = {
			isa = XCBuildConfiguration;
			buildSettings = {
				ALWAYS_SEARCH_USER_PATHS = NO;
				ASSETCATALOG_COMPILER_GENERATE_SWIFT_ASSET_SYMBOL_EXTENSIONS = YES;
				CLANG_ANALYZER_NONNULL = YES;
				CLANG_ANALYZER_NUMBER_OBJECT_CONVERSION = YES_AGGRESSIVE;
				CLANG_CXX_LANGUAGE_STANDARD = "gnu++20";
				CLANG_ENABLE_MODULES = YES;
				CLANG_ENABLE_OBJC_ARC = YES;
				CLANG_ENABLE_OBJC_WEAK = YES;
				CLANG_WARN_BLOCK_CAPTURE_AUTORELEASING = YES;
				CLANG_WARN_BOOL_CONVERSION = YES;
				CLANG_WARN_COMMA = YES;
				CLANG_WARN_CONSTANT_CONVERSION = YES;
				CLANG_WARN_DEPRECATED_OBJC_IMPLEMENTATIONS = YES;
				CLANG_WARN_DIRECT_OBJC_ISA_USAGE = YES_ERROR;
				CLANG_WARN_DOCUMENTATION_COMMENTS = YES;
				CLANG_WARN_EMPTY_BODY = YES;
				CLANG_WARN_ENUM_CONVERSION = YES;
				CLANG_WARN_INFINITE_RECURSION = YES;
				CLANG_WARN_INT_CONVERSION = YES;
				CLANG_WARN_NON_LITERAL_NULL_CONVERSION = YES;
				CLANG_WARN_OBJC_IMPLICIT_RETAIN_SELF = YES;
				CLANG_WARN_OBJC_LITERAL_CONVERSION = YES;
				CLANG_WARN_OBJC_ROOT_CLASS = YES_ERROR;
				CLANG_WARN_QUOTED_INCLUDE_IN_FRAMEWORK_HEADER = YES;
				CLANG_WARN_RANGE_LOOP_ANALYSIS = YES;
				CLANG_WARN_STRICT_PROTOTYPES = YES;
				CLANG_WARN_SUSPICIOUS_MOVE = YES;
				CLANG_WARN_UNGUARDED_AVAILABILITY = YES_AGGRESSIVE;
				CLANG_WARN_UNREACHABLE_CODE = YES;
				CLANG_WARN__DUPLICATE_METHOD_MATCH = YES;
				COPY_PHASE_STRIP = NO;
				DEBUG_INFORMATION_FORMAT = "dwarf-with-dsym";
				ENABLE_NS_ASSERTIONS = NO;
				ENABLE_STRICT_OBJC_MSGSEND = YES;
				ENABLE_USER_SCRIPT_SANDBOXING = YES;
				GCC_C_LANGUAGE_STANDARD = gnu17;
				GCC_NO_COMMON_BLOCKS = YES;
				GCC_WARN_64_TO_32_BIT_CONVERSION = YES;
				GCC_WARN_ABOUT_RETURN_TYPE = YES_ERROR;
				GCC_WARN_UNDECLARED_SELECTOR = YES;
				GCC_WARN_UNINITIALIZED_AUTOS = YES_AGGRESSIVE;
				GCC_WARN_UNUSED_FUNCTION = YES;
				GCC_WARN_UNUSED_VARIABLE = YES;
				IPHONEOS_DEPLOYMENT_TARGET = 18.5;
				LOCALIZATION_PREFERS_STRING_CATALOGS = YES;
				MTL_ENABLE_DEBUG_INFO = NO;
				MTL_FAST_MATH = YES;
				SDKROOT = iphoneos;
				SWIFT_COMPILATION_MODE = wholemodule;
				VALIDATE_PRODUCT = YES;
			};
			name = Release;
		};
		52F3088D2E3F4CD30066ED1B /* Debug */ = {
			isa = XCBuildConfiguration;
			buildSettings = {
				ASSETCATALOG_COMPILER_APPICON_NAME = AppIcon;
				ASSETCATALOG_COMPILER_GLOBAL_ACCENT_COLOR_NAME = AccentColor;
				CODE_SIGN_STYLE = Automatic;
				CURRENT_PROJECT_VERSION = 1;
				DEVELOPMENT_TEAM = KAXPAX5843;
				ENABLE_PREVIEWS = YES;
				GENERATE_INFOPLIST_FILE = YES;
				INFOPLIST_FILE = YOGHEE/Info.plist;
				INFOPLIST_KEY_UIApplicationSceneManifest_Generation = YES;
				INFOPLIST_KEY_UIApplicationSupportsIndirectInputEvents = YES;
				INFOPLIST_KEY_UILaunchScreen_Generation = YES;
				INFOPLIST_KEY_UISupportedInterfaceOrientations_iPad = "UIInterfaceOrientationPortrait UIInterfaceOrientationPortraitUpsideDown UIInterfaceOrientationLandscapeLeft UIInterfaceOrientationLandscapeRight";
				INFOPLIST_KEY_UISupportedInterfaceOrientations_iPhone = "UIInterfaceOrientationPortrait UIInterfaceOrientationLandscapeLeft UIInterfaceOrientationLandscapeRight";
				INFOPLIST_KEY_UIUserInterfaceStyle = Light;
				LD_RUNPATH_SEARCH_PATHS = (
					"$(inherited)",
					"@executable_path/Frameworks",
				);
				MARKETING_VERSION = 1.0;
				PRODUCT_BUNDLE_IDENTIFIER = Official.YOGHEE;
				PRODUCT_NAME = "$(TARGET_NAME)";
				SWIFT_EMIT_LOC_STRINGS = YES;
				SWIFT_VERSION = 5.0;
				TARGETED_DEVICE_FAMILY = "1,2";
			};
			name = Debug;
		};
		52F3088E2E3F4CD30066ED1B /* Release */ = {
			isa = XCBuildConfiguration;
			buildSettings = {
				ASSETCATALOG_COMPILER_APPICON_NAME = AppIcon;
				ASSETCATALOG_COMPILER_GLOBAL_ACCENT_COLOR_NAME = AccentColor;
				CODE_SIGN_STYLE = Automatic;
				CURRENT_PROJECT_VERSION = 1;
				DEVELOPMENT_TEAM = KAXPAX5843;
				ENABLE_PREVIEWS = YES;
				GENERATE_INFOPLIST_FILE = YES;
				INFOPLIST_FILE = YOGHEE/Info.plist;
				INFOPLIST_KEY_UIApplicationSceneManifest_Generation = YES;
				INFOPLIST_KEY_UIApplicationSupportsIndirectInputEvents = YES;
				INFOPLIST_KEY_UILaunchScreen_Generation = YES;
				INFOPLIST_KEY_UISupportedInterfaceOrientations_iPad = "UIInterfaceOrientationPortrait UIInterfaceOrientationPortraitUpsideDown UIInterfaceOrientationLandscapeLeft UIInterfaceOrientationLandscapeRight";
				INFOPLIST_KEY_UISupportedInterfaceOrientations_iPhone = "UIInterfaceOrientationPortrait UIInterfaceOrientationLandscapeLeft UIInterfaceOrientationLandscapeRight";
				INFOPLIST_KEY_UIUserInterfaceStyle = Light;
				LD_RUNPATH_SEARCH_PATHS = (
					"$(inherited)",
					"@executable_path/Frameworks",
				);
				MARKETING_VERSION = 1.0;
				PRODUCT_BUNDLE_IDENTIFIER = Official.YOGHEE;
				PRODUCT_NAME = "$(TARGET_NAME)";
				SWIFT_EMIT_LOC_STRINGS = YES;
				SWIFT_VERSION = 5.0;
				TARGETED_DEVICE_FAMILY = "1,2";
			};
			name = Release;
		};
/* End XCBuildConfiguration section */

/* Begin XCConfigurationList section */
		52F3087C2E3F4CD10066ED1B /* Build configuration list for PBXProject "YOGHEE" */ = {
			isa = XCConfigurationList;
			buildConfigurations = (
				52F3088A2E3F4CD30066ED1B /* Debug */,
				52F3088B2E3F4CD30066ED1B /* Release */,
			);
			defaultConfigurationIsVisible = 0;
			defaultConfigurationName = Release;
		};
		52F3088C2E3F4CD30066ED1B /* Build configuration list for PBXNativeTarget "YOGHEE" */ = {
			isa = XCConfigurationList;
			buildConfigurations = (
				52F3088D2E3F4CD30066ED1B /* Debug */,
				52F3088E2E3F4CD30066ED1B /* Release */,
			);
			defaultConfigurationIsVisible = 0;
			defaultConfigurationName = Release;
		};
/* End XCConfigurationList section */

/* Begin XCRemoteSwiftPackageReference section */
		52D6B92A2E50DEBF00F60E39 /* XCRemoteSwiftPackageReference "kakao-ios-sdk" */ = {
			isa = XCRemoteSwiftPackageReference;
			repositoryURL = "https://github.com/kakao/kakao-ios-sdk";
			requirement = {
				branch = master;
				kind = branch;
			};
		};
		52D6B92D2E50E27B00F60E39 /* XCRemoteSwiftPackageReference "Alamofire" */ = {
			isa = XCRemoteSwiftPackageReference;
			repositoryURL = "https://github.com/Alamofire/Alamofire.git";
			requirement = {
				kind = upToNextMajorVersion;
				minimumVersion = 5.10.2;
			};
		};
/* End XCRemoteSwiftPackageReference section */

/* Begin XCSwiftPackageProductDependency section */
		52D6B92B2E50DEBF00F60E39 /* KakaoSDK */ = {
			isa = XCSwiftPackageProductDependency;
			package = 52D6B92A2E50DEBF00F60E39 /* XCRemoteSwiftPackageReference "kakao-ios-sdk" */;
			productName = KakaoSDK;
		};
		52D6B92E2E50E27B00F60E39 /* Alamofire */ = {
			isa = XCSwiftPackageProductDependency;
			package = 52D6B92D2E50E27B00F60E39 /* XCRemoteSwiftPackageReference "Alamofire" */;
			productName = Alamofire;
		};
/* End XCSwiftPackageProductDependency section */
	};
	rootObject = 52F308792E3F4CD10066ED1B /* Project object */;
}
